
Microsoft Visual Studio Solution File, Format Version 12.00
# Visual Studio Version 16
VisualStudioVersion = 16.0.30717.126
MinimumVisualStudioVersion = 10.0.40219.1
Project("{888888A0-9F3D-457C-B088-3A5042F75D52}") = "PythonApplication12", "PythonApplication12\PythonApplication12.pyproj", "{4C3D3AB1-2093-4B52-9021-93070F8F1699}"
EndProject
Global
	GlobalSection(SolutionConfigurationPlatforms) = preSolution
		Debug|Any CPU = Debug|Any CPU
		Release|Any CPU = Release|Any CPU
	EndGlobalSection
	GlobalSection(ProjectConfigurationPlatforms) = postSolution
		{4C3D3AB1-2093-4B52-9021-93070F8F1699}.Debug|Any CPU.ActiveCfg = Debug|Any CPU
		{4C3D3AB1-2093-4B52-9021-93070F8F1699}.Release|Any CPU.ActiveCfg = Release|Any CPU
	EndGlobalSection
	GlobalSection(SolutionProperties) = preSolution
		HideSolutionNode = FALSE
	EndGlobalSection
	GlobalSection(ExtensibilityGlobals) = postSolution
		SolutionGuid = {8AA81A26-9C70-496E-9558-1D9DEF0F6C5D}
	EndGlobalSection
EndGlobal
